hash: 5164797923eaffb144bdf7412187ebb0de3c09d840784c676dd139ad2868ce44
updated: 2017-02-01T21:53:49.677588302+01:00
imports:
- name: github.com/Masterminds/semver
  version: 59c29afe1a994eacb71c833025ca7acf874bb1da
- name: github.com/Sirupsen/logrus
  version: d26492970760ca5d33129d2d799e34be5c4782eb
- name: gopkg.in/alecthomas/kingpin.v2
  version: e9044be3ab2a8e11d4e1f418d12f0790d57e8d70
- name: k8s.io/client-go
  version: 843f7c4f28b1f647f664f883697107d5c02c5acc
  subpackages:
  - 1.5/kubernetes
  - 1.5/pkg/api
  - 1.5/pkg/apis/extensions/v1beta1
  - 1.5/pkg/fields
  - 1.5/tools/cache
  - 1.5/tools/clientcmd
testImports: []
